
Microsoft Visual Studio Solution File, Format Version 12.00
# Visual Studio Version 17
VisualStudioVersion = 17.3.32929.385
MinimumVisualStudioVersion = 10.0.40219.1
Project("{FAE04EC0-301F-11D3-BF4B-00C04F79EFBC}") = "Insert", "Insert\Insert.csproj", "{08BD99AA-ED45-4536-8AF1-D0D68E73BB93}"
EndProject
Project("{FAE04EC0-301F-11D3-BF4B-00C04F79EFBC}") = "Ispan.Utility", "Ispan.Utility\Ispan.Utility.csproj", "{FEEE0FD1-86D6-440E-9464-1E09F6E2E801}"
EndProject
Project("{FAE04EC0-301F-11D3-BF4B-00C04F79EFBC}") = "Update", "Update\Update.csproj", "{E36E3DD7-5579-4F30-AB38-BA45076B3924}"
EndProject
Project("{FAE04EC0-301F-11D3-BF4B-00C04F79EFBC}") = "Delete", "Delete\Delete.csproj", "{02364768-95DB-4AFA-B0BD-3BF9367B908F}"
EndProject
Project("{FAE04EC0-301F-11D3-BF4B-00C04F79EFBC}") = "Select", "Select\Select.csproj", "{445C29A8-9EBD-46BC-BE34-07FE9F3DD72C}"
EndProject
Global
	GlobalSection(SolutionConfigurationPlatforms) = preSolution
		Debug|Any CPU = Debug|Any CPU
		Release|Any CPU = Release|Any CPU
	EndGlobalSection
	GlobalSection(ProjectConfigurationPlatforms) = postSolution
		{08BD99AA-ED45-4536-8AF1-D0D68E73BB93}.Debug|Any CPU.ActiveCfg = Debug|Any CPU
		{08BD99AA-ED45-4536-8AF1-D0D68E73BB93}.Debug|Any CPU.Build.0 = Debug|Any CPU
		{08BD99AA-ED45-4536-8AF1-D0D68E73BB93}.Release|Any CPU.ActiveCfg = Release|Any CPU
		{08BD99AA-ED45-4536-8AF1-D0D68E73BB93}.Release|Any CPU.Build.0 = Release|Any CPU
		{FEEE0FD1-86D6-440E-9464-1E09F6E2E801}.Debug|Any CPU.ActiveCfg = Debug|Any CPU
		{FEEE0FD1-86D6-440E-9464-1E09F6E2E801}.Debug|Any CPU.Build.0 = Debug|Any CPU
		{FEEE0FD1-86D6-440E-9464-1E09F6E2E801}.Release|Any CPU.ActiveCfg = Release|Any CPU
		{FEEE0FD1-86D6-440E-9464-1E09F6E2E801}.Release|Any CPU.Build.0 = Release|Any CPU
		{E36E3DD7-5579-4F30-AB38-BA45076B3924}.Debug|Any CPU.ActiveCfg = Debug|Any CPU
		{E36E3DD7-5579-4F30-AB38-BA45076B3924}.Debug|Any CPU.Build.0 = Debug|Any CPU
		{E36E3DD7-5579-4F30-AB38-BA45076B3924}.Release|Any CPU.ActiveCfg = Release|Any CPU
		{E36E3DD7-5579-4F30-AB38-BA45076B3924}.Release|Any CPU.Build.0 = Release|Any CPU
		{02364768-95DB-4AFA-B0BD-3BF9367B908F}.Debug|Any CPU.ActiveCfg = Debug|Any CPU
		{02364768-95DB-4AFA-B0BD-3BF9367B908F}.Debug|Any CPU.Build.0 = Debug|Any CPU
		{02364768-95DB-4AFA-B0BD-3BF9367B908F}.Release|Any CPU.ActiveCfg = Release|Any CPU
		{02364768-95DB-4AFA-B0BD-3BF9367B908F}.Release|Any CPU.Build.0 = Release|Any CPU
		{445C29A8-9EBD-46BC-BE34-07FE9F3DD72C}.Debug|Any CPU.ActiveCfg = Debug|Any CPU
		{445C29A8-9EBD-46BC-BE34-07FE9F3DD72C}.Debug|Any CPU.Build.0 = Debug|Any CPU
		{445C29A8-9EBD-46BC-BE34-07FE9F3DD72C}.Release|Any CPU.ActiveCfg = Release|Any CPU
		{445C29A8-9EBD-46BC-BE34-07FE9F3DD72C}.Release|Any CPU.Build.0 = Release|Any CPU
	EndGlobalSection
	GlobalSection(SolutionProperties) = preSolution
		HideSolutionNode = FALSE
	EndGlobalSection
	GlobalSection(ExtensibilityGlobals) = postSolution
		SolutionGuid = {B0338AAB-6923-45C1-A4D5-79553FD1B6DA}
	EndGlobalSection
EndGlobal
